{
  "name": "you-dance",
  "version": "1.0.0",
  "lockfileVersion": 1,
  "requires": true,
  "dependencies": {
    "now": {
      "version": "15.8.5",
      "resolved": "https://registry.npmjs.org/now/-/now-15.8.5.tgz",
      "integrity": "sha512-YjkbEzxANkqDrQG5FAMkK4asZnU5NYvVUCgeACZlASNs+SXZgDObDlIOW2OCs1TF5zBZStD9BMkE8l16imddQA==",
      "dev": true
    }
  }
}
